# generated by rye
# use `rye lock` or `rye sync` to update this lockfile
#
# last locked with the following flags:
#   pre: false
#   features: []
#   all-features: false
#   with-sources: false
#   generate-hashes: false
#   universal: false

-e file:.
asgiref==3.8.1
    # via django
django==5.1.4
    # via kittyscope-web
ffmpeg==1.4
    # via kittyscope-web
hurry-filesize==0.9
    # via kittyscope-web
pillow==11.0.0
    # via kittyscope-web
polars==1.17.1
    # via kittyscope-web
pypdf==5.1.0
    # via kittyscope-web
setuptools==75.6.0
    # via hurry-filesize
sqlparse==0.5.3
    # via django
